{
  "name": "jstest",
  "version": "1.0.0",
  "lockfileVersion": 3,
  "requires": true,
  "packages": {
    "": {
      "name": "jstest",
      "version": "1.0.0",
      "license": "ISC",
      "dependencies": {
        "@arikedb/core": "file:.."
      },
      "devDependencies": {
        "typescript": "^5.6.2"
      }
    },
    "..": {
      "name": "@arikedb/core",
      "version": "0.0.2",
      "license": "MIT",
      "dependencies": {
        "@grpc/grpc-js": "^1.11.1",
        "google-protobuf": "^3.21.4",
        "rxjs": "^7.8.1"
      },
      "devDependencies": {
        "@types/google-protobuf": "^3.15.12",
        "@types/jest": "^29.5.12",
        "protoc-gen-ts": "^0.8.7",
        "tsup": "^8.2.3",
        "typescript": "^5.5.4",
        "vitest": "^2.0.4"
      }
    },
    "../LibrarySupport/arikedb-js": {
      "name": "@arikedb/core",
      "version": "0.0.2",
      "extraneous": true,
      "license": "MIT",
      "dependencies": {
        "@grpc/grpc-js": "^1.11.1",
        "google-protobuf": "^3.21.4",
        "rxjs": "^7.8.1"
      },
      "devDependencies": {
        "@types/google-protobuf": "^3.15.12",
        "@types/jest": "^29.5.12",
        "protoc-gen-ts": "^0.8.7",
        "tsup": "^8.2.3",
        "typescript": "^5.5.4",
        "vitest": "^2.0.4"
      }
    },
    "node_modules/@arikedb/core": {
      "resolved": "..",
      "link": true
    },
    "node_modules/typescript": {
      "version": "5.6.2",
      "resolved": "https://registry.npmjs.org/typescript/-/typescript-5.6.2.tgz",
      "integrity": "sha512-NW8ByodCSNCwZeghjN3o+JX5OFH0Ojg6sadjEKY4huZ52TqbJTJnDo5+Tw98lSy63NZvi4n+ez5m2u5d4PkZyw==",
      "dev": true,
      "license": "Apache-2.0",
      "bin": {
        "tsc": "bin/tsc",
        "tsserver": "bin/tsserver"
      },
      "engines": {
        "node": ">=14.17"
      }
    }
  }
}
